
Microsoft Visual Studio Solution File, Format Version 12.00
# Visual Studio Version 16
VisualStudioVersion = 16.0.30717.126
MinimumVisualStudioVersion = 10.0.40219.1
Project("{FAE04EC0-301F-11D3-BF4B-00C04F79EFBC}") = "Сalculator", "Сalculator.csproj", "{3DDD8F50-9092-48B0-A8DB-D89F74EC4FD2}"
EndProject
Global
	GlobalSection(SolutionConfigurationPlatforms) = preSolution
		Debug|Any CPU = Debug|Any CPU
		Release|Any CPU = Release|Any CPU
	EndGlobalSection
	GlobalSection(ProjectConfigurationPlatforms) = postSolution
		{3DDD8F50-9092-48B0-A8DB-D89F74EC4FD2}.Debug|Any CPU.ActiveCfg = Debug|Any CPU
		{3DDD8F50-9092-48B0-A8DB-D89F74EC4FD2}.Debug|Any CPU.Build.0 = Debug|Any CPU
		{3DDD8F50-9092-48B0-A8DB-D89F74EC4FD2}.Release|Any CPU.ActiveCfg = Release|Any CPU
		{3DDD8F50-9092-48B0-A8DB-D89F74EC4FD2}.Release|Any CPU.Build.0 = Release|Any CPU
	EndGlobalSection
	GlobalSection(SolutionProperties) = preSolution
		HideSolutionNode = FALSE
	EndGlobalSection
	GlobalSection(ExtensibilityGlobals) = postSolution
		SolutionGuid = {270123C4-567F-46A4-B45C-0078667B441C}
	EndGlobalSection
EndGlobal
